
Microsoft Visual Studio Solution File, Format Version 12.00
# Visual Studio Version 16
VisualStudioVersion = 16.0.33027.164
MinimumVisualStudioVersion = 10.0.40219.1
Project("{FAE04EC0-301F-11D3-BF4B-00C04F79EFBC}") = "WindowsFormsApp1", "WindowsFormsApp1\WindowsFormsApp1.csproj", "{50A21EDD-D8DA-41D8-8B44-BF7220C7A00C}"
EndProject
Global
	GlobalSection(SolutionConfigurationPlatforms) = preSolution
		Debug|Any CPU = Debug|Any CPU
		Release|Any CPU = Release|Any CPU
	EndGlobalSection
	GlobalSection(ProjectConfigurationPlatforms) = postSolution
		{50A21EDD-D8DA-41D8-8B44-BF7220C7A00C}.Debug|Any CPU.ActiveCfg = Debug|Any CPU
		{50A21EDD-D8DA-41D8-8B44-BF7220C7A00C}.Debug|Any CPU.Build.0 = Debug|Any CPU
		{50A21EDD-D8DA-41D8-8B44-BF7220C7A00C}.Release|Any CPU.ActiveCfg = Release|Any CPU
		{50A21EDD-D8DA-41D8-8B44-BF7220C7A00C}.Release|Any CPU.Build.0 = Release|Any CPU
	EndGlobalSection
	GlobalSection(SolutionProperties) = preSolution
		HideSolutionNode = FALSE
	EndGlobalSection
	GlobalSection(ExtensibilityGlobals) = postSolution
		SolutionGuid = {4267E9E8-1A0F-44AE-9E94-44D73BB8DF36}
	EndGlobalSection
EndGlobal
